
Microsoft Visual Studio Solution File, Format Version 12.00
# Visual Studio Version 16
VisualStudioVersion = 16.0.29009.5
MinimumVisualStudioVersion = 10.0.40219.1
Project("{8BC9CEB8-8B4A-11D0-8D11-00A0C91BC942}") = "HookDLL", "HookDLL\myMessengerHookDll.vcxproj", "{E09413E7-1C3C-4770-95C3-1239A4BCD656}"
EndProject
Project("{8BC9CEB8-8B4A-11D0-8D11-00A0C91BC942}") = "HookDLLTest", "HookDLLTest\TESTING\TESTING.vcxproj", "{D9CA9963-DAA0-4C3F-90B3-A83DD52A2341}"
EndProject
Project("{8BC9CEB8-8B4A-11D0-8D11-00A0C91BC942}") = "InterceptingServer", "InterceptingServer\ConsoleServer.vcxproj", "{4FB69F7B-50B5-4464-836F-AF0A10AEBFA4}"
EndProject
Project("{8BC9CEB8-8B4A-11D0-8D11-00A0C91BC942}") = "RemoteInterceptionServerLib", "RemoteInterceptionServerGui\RemoteInterceptionServerLib\RemoteInterceptionServerLib.vcxproj", "{D307DE5A-DAE5-4060-B1EA-FEF9C5788B61}"
EndProject
Project("{8BC9CEB8-8B4A-11D0-8D11-00A0C91BC942}") = "myMessengerLib", "myMessengerLib\ChatLib\ChatLib.vcxproj", "{476F1806-13E3-4AD3-A9B7-EF67F019A52E}"
EndProject
Global
	GlobalSection(SolutionConfigurationPlatforms) = preSolution
		Debug|x64 = Debug|x64
		Debug|x86 = Debug|x86
		Release|x64 = Release|x64
		Release|x86 = Release|x86
	EndGlobalSection
	GlobalSection(ProjectConfigurationPlatforms) = postSolution
		{E09413E7-1C3C-4770-95C3-1239A4BCD656}.Debug|x64.ActiveCfg = Debug|x64
		{E09413E7-1C3C-4770-95C3-1239A4BCD656}.Debug|x64.Build.0 = Debug|x64
		{E09413E7-1C3C-4770-95C3-1239A4BCD656}.Debug|x86.ActiveCfg = Debug|Win32
		{E09413E7-1C3C-4770-95C3-1239A4BCD656}.Debug|x86.Build.0 = Debug|Win32
		{E09413E7-1C3C-4770-95C3-1239A4BCD656}.Release|x64.ActiveCfg = Release|x64
		{E09413E7-1C3C-4770-95C3-1239A4BCD656}.Release|x64.Build.0 = Release|x64
		{E09413E7-1C3C-4770-95C3-1239A4BCD656}.Release|x86.ActiveCfg = Release|Win32
		{E09413E7-1C3C-4770-95C3-1239A4BCD656}.Release|x86.Build.0 = Release|Win32
		{D9CA9963-DAA0-4C3F-90B3-A83DD52A2341}.Debug|x64.ActiveCfg = Debug|x64
		{D9CA9963-DAA0-4C3F-90B3-A83DD52A2341}.Debug|x64.Build.0 = Debug|x64
		{D9CA9963-DAA0-4C3F-90B3-A83DD52A2341}.Debug|x86.ActiveCfg = Debug|Win32
		{D9CA9963-DAA0-4C3F-90B3-A83DD52A2341}.Debug|x86.Build.0 = Debug|Win32
		{D9CA9963-DAA0-4C3F-90B3-A83DD52A2341}.Release|x64.ActiveCfg = Release|x64
		{D9CA9963-DAA0-4C3F-90B3-A83DD52A2341}.Release|x64.Build.0 = Release|x64
		{D9CA9963-DAA0-4C3F-90B3-A83DD52A2341}.Release|x86.ActiveCfg = Release|Win32
		{D9CA9963-DAA0-4C3F-90B3-A83DD52A2341}.Release|x86.Build.0 = Release|Win32
		{4FB69F7B-50B5-4464-836F-AF0A10AEBFA4}.Debug|x64.ActiveCfg = Debug|x64
		{4FB69F7B-50B5-4464-836F-AF0A10AEBFA4}.Debug|x64.Build.0 = Debug|x64
		{4FB69F7B-50B5-4464-836F-AF0A10AEBFA4}.Debug|x86.ActiveCfg = Debug|Win32
		{4FB69F7B-50B5-4464-836F-AF0A10AEBFA4}.Debug|x86.Build.0 = Debug|Win32
		{4FB69F7B-50B5-4464-836F-AF0A10AEBFA4}.Release|x64.ActiveCfg = Release|x64
		{4FB69F7B-50B5-4464-836F-AF0A10AEBFA4}.Release|x64.Build.0 = Release|x64
		{4FB69F7B-50B5-4464-836F-AF0A10AEBFA4}.Release|x86.ActiveCfg = Release|Win32
		{4FB69F7B-50B5-4464-836F-AF0A10AEBFA4}.Release|x86.Build.0 = Release|Win32
		{D307DE5A-DAE5-4060-B1EA-FEF9C5788B61}.Debug|x64.ActiveCfg = Debug|x64
		{D307DE5A-DAE5-4060-B1EA-FEF9C5788B61}.Debug|x64.Build.0 = Debug|x64
		{D307DE5A-DAE5-4060-B1EA-FEF9C5788B61}.Debug|x86.ActiveCfg = Debug|Win32
		{D307DE5A-DAE5-4060-B1EA-FEF9C5788B61}.Debug|x86.Build.0 = Debug|Win32
		{D307DE5A-DAE5-4060-B1EA-FEF9C5788B61}.Release|x64.ActiveCfg = Release|x64
		{D307DE5A-DAE5-4060-B1EA-FEF9C5788B61}.Release|x64.Build.0 = Release|x64
		{D307DE5A-DAE5-4060-B1EA-FEF9C5788B61}.Release|x86.ActiveCfg = Release|Win32
		{D307DE5A-DAE5-4060-B1EA-FEF9C5788B61}.Release|x86.Build.0 = Release|Win32
		{476F1806-13E3-4AD3-A9B7-EF67F019A52E}.Debug|x64.ActiveCfg = Debug|x64
		{476F1806-13E3-4AD3-A9B7-EF67F019A52E}.Debug|x64.Build.0 = Debug|x64
		{476F1806-13E3-4AD3-A9B7-EF67F019A52E}.Debug|x86.ActiveCfg = Debug|Win32
		{476F1806-13E3-4AD3-A9B7-EF67F019A52E}.Debug|x86.Build.0 = Debug|Win32
		{476F1806-13E3-4AD3-A9B7-EF67F019A52E}.Release|x64.ActiveCfg = Release|x64
		{476F1806-13E3-4AD3-A9B7-EF67F019A52E}.Release|x64.Build.0 = Release|x64
		{476F1806-13E3-4AD3-A9B7-EF67F019A52E}.Release|x86.ActiveCfg = Release|Win32
		{476F1806-13E3-4AD3-A9B7-EF67F019A52E}.Release|x86.Build.0 = Release|Win32
	EndGlobalSection
	GlobalSection(SolutionProperties) = preSolution
		HideSolutionNode = FALSE
	EndGlobalSection
	GlobalSection(ExtensibilityGlobals) = postSolution
		SolutionGuid = {FAC02BBC-6384-42FB-9392-4AD87C6CC1B9}
	EndGlobalSection
EndGlobal
